// !$*UTF8*$!
{
	archiveVersion = 1;
	classes = {
	};
	objectVersion = 46;
	objects = {

/* Begin PBXBuildFile section */
		40CBF4A01AF8038E009D40D8 /* libLightKit.dylib in Frameworks */ = {isa = PBXBuildFile; fileRef = 40CBF4941AF8038E009D40D8 /* libLightKit.dylib */; };
		40CBF4B01AF8039C009D40D8 /* LMUController.swift in Sources */ = {isa = PBXBuildFile; fileRef = 40CBF4AF1AF8039C009D40D8 /* LMUController.swift */; };
		40E197A91AF813EB0030F05A /* LMUControllerTests.swift in Sources */ = {isa = PBXBuildFile; fileRef = 40E197A81AF813EB0030F05A /* LMUControllerTests.swift */; };
/* End PBXBuildFile section */

/* Begin PBXContainerItemProxy section */
		40CBF4A11AF8038E009D40D8 /* PBXContainerItemProxy */ = {
			isa = PBXContainerItemProxy;
			containerPortal = 40CBF48C1AF8038E009D40D8 /* Project object */;
			proxyType = 1;
			remoteGlobalIDString = 40CBF4931AF8038E009D40D8;
			remoteInfo = LightKit;
		};
/* End PBXContainerItemProxy section */

/* Begin PBXFileReference section */
		40CBF4941AF8038E009D40D8 /* libLightKit.dylib */ = {isa = PBXFileReference; explicitFileType = "compiled.mach-o.dylib"; includeInIndex = 0; path = libLightKit.dylib; sourceTree = BUILT_PRODUCTS_DIR; };
		40CBF49F1AF8038E009D40D8 /* LightKitTests.xctest */ = {isa = PBXFileReference; explicitFileType = wrapper.cfbundle; includeInIndex = 0; path = LightKitTests.xctest; sourceTree = BUILT_PRODUCTS_DIR; };
		40CBF4A51AF8038E009D40D8 /* Info.plist */ = {isa = PBXFileReference; lastKnownFileType = text.plist.xml; path = Info.plist; sourceTree = "<group>"; };
		40CBF4AE1AF8039B009D40D8 /* LightKit-Bridging-Header.h */ = {isa = PBXFileReference; lastKnownFileType = sourcecode.c.h; path = "LightKit-Bridging-Header.h"; sourceTree = "<group>"; };
		40CBF4AF1AF8039C009D40D8 /* LMUController.swift */ = {isa = PBXFileReference; fileEncoding = 4; lastKnownFileType = sourcecode.swift; path = LMUController.swift; sourceTree = "<group>"; };
		40E197A51AF813BD0030F05A /* LightKitTests-Bridging-Header.h */ = {isa = PBXFileReference; lastKnownFileType = sourcecode.c.h; path = "LightKitTests-Bridging-Header.h"; sourceTree = "<group>"; };
		40E197A81AF813EB0030F05A /* LMUControllerTests.swift */ = {isa = PBXFileReference; fileEncoding = 4; lastKnownFileType = sourcecode.swift; path = LMUControllerTests.swift; sourceTree = "<group>"; };
/* End PBXFileReference section */

/* Begin PBXFrameworksBuildPhase section */
		40CBF4911AF8038E009D40D8 /* Frameworks */ = {
			isa = PBXFrameworksBuildPhase;
			buildActionMask = 2147483647;
			files = (
			);
			runOnlyForDeploymentPostprocessing = 0;
		};
		40CBF49C1AF8038E009D40D8 /* Frameworks */ = {
			isa = PBXFrameworksBuildPhase;
			buildActionMask = 2147483647;
			files = (
				40CBF4A01AF8038E009D40D8 /* libLightKit.dylib in Frameworks */,
			);
			runOnlyForDeploymentPostprocessing = 0;
		};
/* End PBXFrameworksBuildPhase section */

/* Begin PBXGroup section */
		40CBF48B1AF8038E009D40D8 = {
			isa = PBXGroup;
			children = (
				40CBF4961AF8038E009D40D8 /* LightKit */,
				40CBF4A31AF8038E009D40D8 /* LightKitTests */,
				40CBF4951AF8038E009D40D8 /* Products */,
			);
			sourceTree = "<group>";
		};
		40CBF4951AF8038E009D40D8 /* Products */ = {
			isa = PBXGroup;
			children = (
				40CBF4941AF8038E009D40D8 /* libLightKit.dylib */,
				40CBF49F1AF8038E009D40D8 /* LightKitTests.xctest */,
			);
			name = Products;
			sourceTree = "<group>";
		};
		40CBF4961AF8038E009D40D8 /* LightKit */ = {
			isa = PBXGroup;
			children = (
				40CBF4AF1AF8039C009D40D8 /* LMUController.swift */,
				40CBF4AE1AF8039B009D40D8 /* LightKit-Bridging-Header.h */,
			);
			path = LightKit;
			sourceTree = "<group>";
		};
		40CBF4A31AF8038E009D40D8 /* LightKitTests */ = {
			isa = PBXGroup;
			children = (
				40CBF4A41AF8038E009D40D8 /* Supporting Files */,
				40E197A51AF813BD0030F05A /* LightKitTests-Bridging-Header.h */,
				40E197A81AF813EB0030F05A /* LMUControllerTests.swift */,
			);
			path = LightKitTests;
			sourceTree = "<group>";
		};
		40CBF4A41AF8038E009D40D8 /* Supporting Files */ = {
			isa = PBXGroup;
			children = (
				40CBF4A51AF8038E009D40D8 /* Info.plist */,
			);
			name = "Supporting Files";
			sourceTree = "<group>";
		};
/* End PBXGroup section */

/* Begin PBXHeadersBuildPhase section */
		40CBF4921AF8038E009D40D8 /* Headers */ = {
			isa = PBXHeadersBuildPhase;
			buildActionMask = 2147483647;
			files = (
			);
			runOnlyForDeploymentPostprocessing = 0;
		};
/* End PBXHeadersBuildPhase section */

/* Begin PBXNativeTarget section */
		40CBF4931AF8038E009D40D8 /* LightKit */ = {
			isa = PBXNativeTarget;
			buildConfigurationList = 40CBF4A81AF8038E009D40D8 /* Build configuration list for PBXNativeTarget "LightKit" */;
			buildPhases = (
				40CBF4901AF8038E009D40D8 /* Sources */,
				40CBF4911AF8038E009D40D8 /* Frameworks */,
				40CBF4921AF8038E009D40D8 /* Headers */,
			);
			buildRules = (
			);
			dependencies = (
			);
			name = LightKit;
			productName = LightKit;
			productReference = 40CBF4941AF8038E009D40D8 /* libLightKit.dylib */;
			productType = "com.apple.product-type.library.dynamic";
		};
		40CBF49E1AF8038E009D40D8 /* LightKitTests */ = {
			isa = PBXNativeTarget;
			buildConfigurationList = 40CBF4AB1AF8038E009D40D8 /* Build configuration list for PBXNativeTarget "LightKitTests" */;
			buildPhases = (
				40CBF49B1AF8038E009D40D8 /* Sources */,
				40CBF49C1AF8038E009D40D8 /* Frameworks */,
				40CBF49D1AF8038E009D40D8 /* Resources */,
			);
			buildRules = (
			);
			dependencies = (
				40CBF4A21AF8038E009D40D8 /* PBXTargetDependency */,
			);
			name = LightKitTests;
			productName = LightKitTests;
			productReference = 40CBF49F1AF8038E009D40D8 /* LightKitTests.xctest */;
			productType = "com.apple.product-type.bundle.unit-test";
		};
/* End PBXNativeTarget section */

/* Begin PBXProject section */
		40CBF48C1AF8038E009D40D8 /* Project object */ = {
			isa = PBXProject;
			attributes = {
				LastUpgradeCheck = 0630;
				ORGANIZATIONNAME = "Maxime Mouchet";
				TargetAttributes = {
					40CBF4931AF8038E009D40D8 = {
						CreatedOnToolsVersion = 6.3.1;
					};
					40CBF49E1AF8038E009D40D8 = {
						CreatedOnToolsVersion = 6.3.1;
					};
				};
			};
			buildConfigurationList = 40CBF48F1AF8038E009D40D8 /* Build configuration list for PBXProject "LightKit" */;
			compatibilityVersion = "Xcode 3.2";
			developmentRegion = English;
			hasScannedForEncodings = 0;
			knownRegions = (
				en,
			);
			mainGroup = 40CBF48B1AF8038E009D40D8;
			productRefGroup = 40CBF4951AF8038E009D40D8 /* Products */;
			projectDirPath = "";
			projectRoot = "";
			targets = (
				40CBF4931AF8038E009D40D8 /* LightKit */,
				40CBF49E1AF8038E009D40D8 /* LightKitTests */,
			);
		};
/* End PBXProject section */

/* Begin PBXResourcesBuildPhase section */
		40CBF49D1AF8038E009D40D8 /* Resources */ = {
			isa = PBXResourcesBuildPhase;
			buildActionMask = 2147483647;
			files = (
			);
			runOnlyForDeploymentPostprocessing = 0;
		};
/* End PBXResourcesBuildPhase section */

/* Begin PBXSourcesBuildPhase section */
		40CBF4901AF8038E009D40D8 /* Sources */ = {
			isa = PBXSourcesBuildPhase;
			buildActionMask = 2147483647;
			files = (
				40CBF4B01AF8039C009D40D8 /* LMUController.swift in Sources */,
			);
			runOnlyForDeploymentPostprocessing = 0;
		};
		40CBF49B1AF8038E009D40D8 /* Sources */ = {
			isa = PBXSourcesBuildPhase;
			buildActionMask = 2147483647;
			files = (
				40E197A91AF813EB0030F05A /* LMUControllerTests.swift in Sources */,
			);
			runOnlyForDeploymentPostprocessing = 0;
		};
/* End PBXSourcesBuildPhase section */

/* Begin PBXTargetDependency section */
		40CBF4A21AF8038E009D40D8 /* PBXTargetDependency */ = {
			isa = PBXTargetDependency;
			target = 40CBF4931AF8038E009D40D8 /* LightKit */;
			targetProxy = 40CBF4A11AF8038E009D40D8 /* PBXContainerItemProxy */;
		};
/* End PBXTargetDependency section */

/* Begin XCBuildConfiguration section */
		40CBF4A61AF8038E009D40D8 /* Debug */ = {
			isa = XCBuildConfiguration;
			buildSettings = {
				ALWAYS_SEARCH_USER_PATHS = NO;
				CLANG_CXX_LANGUAGE_STANDARD = "gnu++0x";
				CLANG_CXX_LIBRARY = "libc++";
				CLANG_ENABLE_MODULES = YES;
				CLANG_ENABLE_OBJC_ARC = YES;
				CLANG_WARN_BOOL_CONVERSION = YES;
				CLANG_WARN_CONSTANT_CONVERSION = YES;
				CLANG_WARN_DIRECT_OBJC_ISA_USAGE = YES_ERROR;
				CLANG_WARN_EMPTY_BODY = YES;
				CLANG_WARN_ENUM_CONVERSION = YES;
				CLANG_WARN_INT_CONVERSION = YES;
				CLANG_WARN_OBJC_ROOT_CLASS = YES_ERROR;
				CLANG_WARN_UNREACHABLE_CODE = YES;
				CLANG_WARN__DUPLICATE_METHOD_MATCH = YES;
				COPY_PHASE_STRIP = NO;
				DEBUG_INFORMATION_FORMAT = dwarf;
				ENABLE_STRICT_OBJC_MSGSEND = YES;
				GCC_C_LANGUAGE_STANDARD = gnu99;
				GCC_DYNAMIC_NO_PIC = NO;
				GCC_NO_COMMON_BLOCKS = YES;
				GCC_OPTIMIZATION_LEVEL = 0;
				GCC_PREPROCESSOR_DEFINITIONS = (
					"DEBUG=1",
					"$(inherited)",
				);
				GCC_SYMBOLS_PRIVATE_EXTERN = NO;
				GCC_WARN_64_TO_32_BIT_CONVERSION = YES;
				GCC_WARN_ABOUT_RETURN_TYPE = YES_ERROR;
				GCC_WARN_UNDECLARED_SELECTOR = YES;
				GCC_WARN_UNINITIALIZED_AUTOS = YES_AGGRESSIVE;
				GCC_WARN_UNUSED_FUNCTION = YES;
				GCC_WARN_UNUSED_VARIABLE = YES;
				MACOSX_DEPLOYMENT_TARGET = 10.10;
				MTL_ENABLE_DEBUG_INFO = YES;
				ONLY_ACTIVE_ARCH = YES;
				SDKROOT = macosx;
			};
			name = Debug;
		};
		40CBF4A71AF8038E009D40D8 /* Release */ = {
			isa = XCBuildConfiguration;
			buildSettings = {
				ALWAYS_SEARCH_USER_PATHS = NO;
				CLANG_CXX_LANGUAGE_STANDARD = "gnu++0x";
				CLANG_CXX_LIBRARY = "libc++";
				CLANG_ENABLE_MODULES = YES;
				CLANG_ENABLE_OBJC_ARC = YES;
				CLANG_WARN_BOOL_CONVERSION = YES;
				CLANG_WARN_CONSTANT_CONVERSION = YES;
				CLANG_WARN_DIRECT_OBJC_ISA_USAGE = YES_ERROR;
				CLANG_WARN_EMPTY_BODY = YES;
				CLANG_WARN_ENUM_CONVERSION = YES;
				CLANG_WARN_INT_CONVERSION = YES;
				CLANG_WARN_OBJC_ROOT_CLASS = YES_ERROR;
				CLANG_WARN_UNREACHABLE_CODE = YES;
				CLANG_WARN__DUPLICATE_METHOD_MATCH = YES;
				COPY_PHASE_STRIP = NO;
				DEBUG_INFORMATION_FORMAT = "dwarf-with-dsym";
				ENABLE_NS_ASSERTIONS = NO;
				ENABLE_STRICT_OBJC_MSGSEND = YES;
				GCC_C_LANGUAGE_STANDARD = gnu99;
				GCC_NO_COMMON_BLOCKS = YES;
				GCC_WARN_64_TO_32_BIT_CONVERSION = YES;
				GCC_WARN_ABOUT_RETURN_TYPE = YES_ERROR;
				GCC_WARN_UNDECLARED_SELECTOR = YES;
				GCC_WARN_UNINITIALIZED_AUTOS = YES_AGGRESSIVE;
				GCC_WARN_UNUSED_FUNCTION = YES;
				GCC_WARN_UNUSED_VARIABLE = YES;
				MACOSX_DEPLOYMENT_TARGET = 10.10;
				MTL_ENABLE_DEBUG_INFO = NO;
				SDKROOT = macosx;
			};
			name = Release;
		};
		40CBF4A91AF8038E009D40D8 /* Debug */ = {
			isa = XCBuildConfiguration;
			buildSettings = {
				CLANG_ENABLE_MODULES = YES;
				DYLIB_COMPATIBILITY_VERSION = 1;
				DYLIB_CURRENT_VERSION = 1;
				EXECUTABLE_PREFIX = lib;
				LD_RUNPATH_SEARCH_PATHS = "$(inherited) @executable_path/../Frameworks @loader_path/../Frameworks";
				PRODUCT_NAME = "$(TARGET_NAME)";
				SWIFT_OBJC_BRIDGING_HEADER = "LightKit/LightKit-Bridging-Header.h";
				SWIFT_OPTIMIZATION_LEVEL = "-Onone";
			};
			name = Debug;
		};
		40CBF4AA1AF8038E009D40D8 /* Release */ = {
			isa = XCBuildConfiguration;
			buildSettings = {
				CLANG_ENABLE_MODULES = YES;
				DYLIB_COMPATIBILITY_VERSION = 1;
				DYLIB_CURRENT_VERSION = 1;
				EXECUTABLE_PREFIX = lib;
				LD_RUNPATH_SEARCH_PATHS = "$(inherited) @executable_path/../Frameworks @loader_path/../Frameworks";
				PRODUCT_NAME = "$(TARGET_NAME)";
				SWIFT_OBJC_BRIDGING_HEADER = "LightKit/LightKit-Bridging-Header.h";
			};
			name = Release;
		};
		40CBF4AC1AF8038E009D40D8 /* Debug */ = {
			isa = XCBuildConfiguration;
			buildSettings = {
				CLANG_ENABLE_MODULES = YES;
				COMBINE_HIDPI_IMAGES = YES;
				FRAMEWORK_SEARCH_PATHS = (
					"$(DEVELOPER_FRAMEWORKS_DIR)",
					"$(inherited)",
				);
				GCC_PREPROCESSOR_DEFINITIONS = (
					"DEBUG=1",
					"$(inherited)",
				);
				INFOPLIST_FILE = LightKitTests/Info.plist;
				LD_RUNPATH_SEARCH_PATHS = "$(inherited) @executable_path/../Frameworks @loader_path/../Frameworks";
				PRODUCT_NAME = "$(TARGET_NAME)";
				SWIFT_OBJC_BRIDGING_HEADER = "LightKitTests/LightKitTests-Bridging-Header.h";
				SWIFT_OPTIMIZATION_LEVEL = "-Onone";
			};
			name = Debug;
		};
		40CBF4AD1AF8038E009D40D8 /* Release */ = {
			isa = XCBuildConfiguration;
			buildSettings = {
				CLANG_ENABLE_MODULES = YES;
				COMBINE_HIDPI_IMAGES = YES;
				FRAMEWORK_SEARCH_PATHS = (
					"$(DEVELOPER_FRAMEWORKS_DIR)",
					"$(inherited)",
				);
				INFOPLIST_FILE = LightKitTests/Info.plist;
				LD_RUNPATH_SEARCH_PATHS = "$(inherited) @executable_path/../Frameworks @loader_path/../Frameworks";
				PRODUCT_NAME = "$(TARGET_NAME)";
				SWIFT_OBJC_BRIDGING_HEADER = "LightKitTests/LightKitTests-Bridging-Header.h";
			};
			name = Release;
		};
/* End XCBuildConfiguration section */

/* Begin XCConfigurationList section */
		40CBF48F1AF8038E009D40D8 /* Build configuration list for PBXProject "LightKit" */ = {
			isa = XCConfigurationList;
			buildConfigurations = (
				40CBF4A61AF8038E009D40D8 /* Debug */,
				40CBF4A71AF8038E009D40D8 /* Release */,
			);
			defaultConfigurationIsVisible = 0;
			defaultConfigurationName = Release;
		};
		40CBF4A81AF8038E009D40D8 /* Build configuration list for PBXNativeTarget "LightKit" */ = {
			isa = XCConfigurationList;
			buildConfigurations = (
				40CBF4A91AF8038E009D40D8 /* Debug */,
				40CBF4AA1AF8038E009D40D8 /* Release */,
			);
			defaultConfigurationIsVisible = 0;
			defaultConfigurationName = Release;
		};
		40CBF4AB1AF8038E009D40D8 /* Build configuration list for PBXNativeTarget "LightKitTests" */ = {
			isa = XCConfigurationList;
			buildConfigurations = (
				40CBF4AC1AF8038E009D40D8 /* Debug */,
				40CBF4AD1AF8038E009D40D8 /* Release */,
			);
			defaultConfigurationIsVisible = 0;
			defaultConfigurationName = Release;
		};
/* End XCConfigurationList section */
	};
	rootObject = 40CBF48C1AF8038E009D40D8 /* Project object */;
}
